
Microsoft Visual Studio Solution File, Format Version 12.00
# Visual Studio Version 17
VisualStudioVersion = 17.8.34330.188
MinimumVisualStudioVersion = 10.0.40219.1
Project("{2150E333-8FDC-42A3-9474-1A3956D46DE8}") = "Services", "Services", "{BAF37DEF-7A64-49BB-9EDB-0825C8DF20BD}"
EndProject
Project("{2150E333-8FDC-42A3-9474-1A3956D46DE8}") = "Catalog", "Catalog", "{01E49B87-6184-47E6-8165-84EDCC6CEAA5}"
EndProject
Project("{9A19103F-16F7-4668-BE54-9A1E7A4F7556}") = "Catalog.API", "Services\Catalog\Catalog.API\Catalog.API.csproj", "{3FEBEEE0-A4DB-478C-8BFB-367EECB16D0C}"
EndProject
Project("{E53339B2-1760-4266-BCC7-CA923CBCF16C}") = "docker-compose", "docker-compose.dcproj", "{06AC6787-5E29-43A6-8B01-D3A8C226F79B}"
EndProject
Project("{2150E333-8FDC-42A3-9474-1A3956D46DE8}") = "Basket", "Basket", "{8F73FD00-B81B-4DED-9083-22C21D36F3DE}"
EndProject
Project("{9A19103F-16F7-4668-BE54-9A1E7A4F7556}") = "Basket.API", "Services\Basket\Basket.API\Basket.API.csproj", "{43EA3383-FCDB-4EE1-A939-4A2A008EDA7F}"
EndProject
Project("{2150E333-8FDC-42A3-9474-1A3956D46DE8}") = "Discount", "Discount", "{7120FDE8-01D8-40B6-A093-AE9F369B4A63}"
EndProject
Project("{9A19103F-16F7-4668-BE54-9A1E7A4F7556}") = "Discount.API", "Services\Discount\Discount.API\Discount.API.csproj", "{467CB9C7-0C1A-4991-AE5E-540CD21C3A3B}"
EndProject
Project("{9A19103F-16F7-4668-BE54-9A1E7A4F7556}") = "Discount.Grpc", "Services\Discount\Discount.Grpc\Discount.Grpc.csproj", "{2FFEA280-C211-4CFB-AE4D-72FE5F366B12}"
EndProject
Project("{2150E333-8FDC-42A3-9474-1A3956D46DE8}") = "Ordering", "Ordering", "{9DE07D7E-DAAF-4086-BDA3-02A094F89E3D}"
EndProject
Project("{FAE04EC0-301F-11D3-BF4B-00C04F79EFBC}") = "Ordering.API", "Services\Ordering\Ordering.API\Ordering.API.csproj", "{A2A6AE6A-EEBC-4AC8-A766-CE7844C16D8B}"
EndProject
Project("{FAE04EC0-301F-11D3-BF4B-00C04F79EFBC}") = "Ordering.Domain", "Services\Ordering\Odering.Domain\Ordering.Domain.csproj", "{F0C0114E-6EED-423D-BD53-8D16A1DC7C33}"
EndProject
Project("{FAE04EC0-301F-11D3-BF4B-00C04F79EFBC}") = "Ordering.Application", "Services\Ordering\Ordering.Application\Ordering.Application.csproj", "{5FDD0E5B-9A8C-497E-BB3A-576AFE20A858}"
EndProject
Project("{FAE04EC0-301F-11D3-BF4B-00C04F79EFBC}") = "Ordering.Infrastructure", "Services\Ordering\Ordering.Infrastructure\Ordering.Infrastructure.csproj", "{ADA8CB7B-EEB3-4B31-AD96-965D428CBCA3}"
EndProject
Global
	GlobalSection(SolutionConfigurationPlatforms) = preSolution
		Debug|Any CPU = Debug|Any CPU
		Release|Any CPU = Release|Any CPU
	EndGlobalSection
	GlobalSection(ProjectConfigurationPlatforms) = postSolution
		{3FEBEEE0-A4DB-478C-8BFB-367EECB16D0C}.Debug|Any CPU.ActiveCfg = Debug|Any CPU
		{3FEBEEE0-A4DB-478C-8BFB-367EECB16D0C}.Debug|Any CPU.Build.0 = Debug|Any CPU
		{3FEBEEE0-A4DB-478C-8BFB-367EECB16D0C}.Release|Any CPU.ActiveCfg = Release|Any CPU
		{3FEBEEE0-A4DB-478C-8BFB-367EECB16D0C}.Release|Any CPU.Build.0 = Release|Any CPU
		{06AC6787-5E29-43A6-8B01-D3A8C226F79B}.Debug|Any CPU.ActiveCfg = Debug|Any CPU
		{06AC6787-5E29-43A6-8B01-D3A8C226F79B}.Debug|Any CPU.Build.0 = Debug|Any CPU
		{06AC6787-5E29-43A6-8B01-D3A8C226F79B}.Release|Any CPU.ActiveCfg = Release|Any CPU
		{06AC6787-5E29-43A6-8B01-D3A8C226F79B}.Release|Any CPU.Build.0 = Release|Any CPU
		{43EA3383-FCDB-4EE1-A939-4A2A008EDA7F}.Debug|Any CPU.ActiveCfg = Debug|Any CPU
		{43EA3383-FCDB-4EE1-A939-4A2A008EDA7F}.Debug|Any CPU.Build.0 = Debug|Any CPU
		{43EA3383-FCDB-4EE1-A939-4A2A008EDA7F}.Release|Any CPU.ActiveCfg = Release|Any CPU
		{43EA3383-FCDB-4EE1-A939-4A2A008EDA7F}.Release|Any CPU.Build.0 = Release|Any CPU
		{467CB9C7-0C1A-4991-AE5E-540CD21C3A3B}.Debug|Any CPU.ActiveCfg = Debug|Any CPU
		{467CB9C7-0C1A-4991-AE5E-540CD21C3A3B}.Debug|Any CPU.Build.0 = Debug|Any CPU
		{467CB9C7-0C1A-4991-AE5E-540CD21C3A3B}.Release|Any CPU.ActiveCfg = Release|Any CPU
		{467CB9C7-0C1A-4991-AE5E-540CD21C3A3B}.Release|Any CPU.Build.0 = Release|Any CPU
		{2FFEA280-C211-4CFB-AE4D-72FE5F366B12}.Debug|Any CPU.ActiveCfg = Debug|Any CPU
		{2FFEA280-C211-4CFB-AE4D-72FE5F366B12}.Debug|Any CPU.Build.0 = Debug|Any CPU
		{2FFEA280-C211-4CFB-AE4D-72FE5F366B12}.Release|Any CPU.ActiveCfg = Release|Any CPU
		{2FFEA280-C211-4CFB-AE4D-72FE5F366B12}.Release|Any CPU.Build.0 = Release|Any CPU
		{A2A6AE6A-EEBC-4AC8-A766-CE7844C16D8B}.Debug|Any CPU.ActiveCfg = Debug|Any CPU
		{A2A6AE6A-EEBC-4AC8-A766-CE7844C16D8B}.Debug|Any CPU.Build.0 = Debug|Any CPU
		{A2A6AE6A-EEBC-4AC8-A766-CE7844C16D8B}.Release|Any CPU.ActiveCfg = Release|Any CPU
		{A2A6AE6A-EEBC-4AC8-A766-CE7844C16D8B}.Release|Any CPU.Build.0 = Release|Any CPU
		{F0C0114E-6EED-423D-BD53-8D16A1DC7C33}.Debug|Any CPU.ActiveCfg = Debug|Any CPU
		{F0C0114E-6EED-423D-BD53-8D16A1DC7C33}.Debug|Any CPU.Build.0 = Debug|Any CPU
		{F0C0114E-6EED-423D-BD53-8D16A1DC7C33}.Release|Any CPU.ActiveCfg = Release|Any CPU
		{F0C0114E-6EED-423D-BD53-8D16A1DC7C33}.Release|Any CPU.Build.0 = Release|Any CPU
		{5FDD0E5B-9A8C-497E-BB3A-576AFE20A858}.Debug|Any CPU.ActiveCfg = Debug|Any CPU
		{5FDD0E5B-9A8C-497E-BB3A-576AFE20A858}.Debug|Any CPU.Build.0 = Debug|Any CPU
		{5FDD0E5B-9A8C-497E-BB3A-576AFE20A858}.Release|Any CPU.ActiveCfg = Release|Any CPU
		{5FDD0E5B-9A8C-497E-BB3A-576AFE20A858}.Release|Any CPU.Build.0 = Release|Any CPU
		{ADA8CB7B-EEB3-4B31-AD96-965D428CBCA3}.Debug|Any CPU.ActiveCfg = Debug|Any CPU
		{ADA8CB7B-EEB3-4B31-AD96-965D428CBCA3}.Debug|Any CPU.Build.0 = Debug|Any CPU
		{ADA8CB7B-EEB3-4B31-AD96-965D428CBCA3}.Release|Any CPU.ActiveCfg = Release|Any CPU
		{ADA8CB7B-EEB3-4B31-AD96-965D428CBCA3}.Release|Any CPU.Build.0 = Release|Any CPU
	EndGlobalSection
	GlobalSection(SolutionProperties) = preSolution
		HideSolutionNode = FALSE
	EndGlobalSection
	GlobalSection(NestedProjects) = preSolution
		{01E49B87-6184-47E6-8165-84EDCC6CEAA5} = {BAF37DEF-7A64-49BB-9EDB-0825C8DF20BD}
		{3FEBEEE0-A4DB-478C-8BFB-367EECB16D0C} = {01E49B87-6184-47E6-8165-84EDCC6CEAA5}
		{8F73FD00-B81B-4DED-9083-22C21D36F3DE} = {BAF37DEF-7A64-49BB-9EDB-0825C8DF20BD}
		{43EA3383-FCDB-4EE1-A939-4A2A008EDA7F} = {8F73FD00-B81B-4DED-9083-22C21D36F3DE}
		{7120FDE8-01D8-40B6-A093-AE9F369B4A63} = {BAF37DEF-7A64-49BB-9EDB-0825C8DF20BD}
		{467CB9C7-0C1A-4991-AE5E-540CD21C3A3B} = {7120FDE8-01D8-40B6-A093-AE9F369B4A63}
		{2FFEA280-C211-4CFB-AE4D-72FE5F366B12} = {7120FDE8-01D8-40B6-A093-AE9F369B4A63}
		{9DE07D7E-DAAF-4086-BDA3-02A094F89E3D} = {BAF37DEF-7A64-49BB-9EDB-0825C8DF20BD}
		{A2A6AE6A-EEBC-4AC8-A766-CE7844C16D8B} = {9DE07D7E-DAAF-4086-BDA3-02A094F89E3D}
		{F0C0114E-6EED-423D-BD53-8D16A1DC7C33} = {9DE07D7E-DAAF-4086-BDA3-02A094F89E3D}
		{5FDD0E5B-9A8C-497E-BB3A-576AFE20A858} = {9DE07D7E-DAAF-4086-BDA3-02A094F89E3D}
		{ADA8CB7B-EEB3-4B31-AD96-965D428CBCA3} = {9DE07D7E-DAAF-4086-BDA3-02A094F89E3D}
	EndGlobalSection
	GlobalSection(ExtensibilityGlobals) = postSolution
		SolutionGuid = {98CD7787-F64A-4460-B0EA-CCB85FD4DC5A}
	EndGlobalSection
EndGlobal
